// !$*UTF8*$!
{
	archiveVersion = 1;
	classes = {
	};
	objectVersion = 48;
	objects = {

/* Begin PBXBuildFile section */
		16740A65206A735C00B3A912 /* DVSliderTool.swift in Sources */ = {isa = PBXBuildFile; fileRef = 16740A64206A735C00B3A912 /* DVSliderTool.swift */; };
		16A711772066386000763B06 /* AppDelegate.swift in Sources */ = {isa = PBXBuildFile; fileRef = 16A711762066386000763B06 /* AppDelegate.swift */; };
		16A711792066386000763B06 /* ViewController.swift in Sources */ = {isa = PBXBuildFile; fileRef = 16A711782066386000763B06 /* ViewController.swift */; };
		16A7117C2066386000763B06 /* Main.storyboard in Resources */ = {isa = PBXBuildFile; fileRef = 16A7117A2066386000763B06 /* Main.storyboard */; };
		16A7117E2066386000763B06 /* Assets.xcassets in Resources */ = {isa = PBXBuildFile; fileRef = 16A7117D2066386000763B06 /* Assets.xcassets */; };
		16A711812066386000763B06 /* LaunchScreen.storyboard in Resources */ = {isa = PBXBuildFile; fileRef = 16A7117F2066386000763B06 /* LaunchScreen.storyboard */; };
		16A7118C2066386100763B06 /* DVSliderTests.swift in Sources */ = {isa = PBXBuildFile; fileRef = 16A7118B2066386100763B06 /* DVSliderTests.swift */; };
		16A711972066386100763B06 /* DVSliderUITests.swift in Sources */ = {isa = PBXBuildFile; fileRef = 16A711962066386100763B06 /* DVSliderUITests.swift */; };
		16BCA7CC206BC83300633912 /* DVSliderNavBarItem.swift in Sources */ = {isa = PBXBuildFile; fileRef = 16BCA7CB206BC83300633912 /* DVSliderNavBarItem.swift */; };
		16D566552069430F00809DCB /* DVSliderManager.swift in Sources */ = {isa = PBXBuildFile; fileRef = 16D566542069430F00809DCB /* DVSliderManager.swift */; };
		16D566572069432C00809DCB /* DVSliderView.swift in Sources */ = {isa = PBXBuildFile; fileRef = 16D566562069432C00809DCB /* DVSliderView.swift */; };
		16D566592069435700809DCB /* DVSilderNavBar.swift in Sources */ = {isa = PBXBuildFile; fileRef = 16D566582069435700809DCB /* DVSilderNavBar.swift */; };
/* End PBXBuildFile section */

/* Begin PBXContainerItemProxy section */
		16A711882066386100763B06 /* PBXContainerItemProxy */ = {
			isa = PBXContainerItemProxy;
			containerPortal = 16A7116B2066386000763B06 /* Project object */;
			proxyType = 1;
			remoteGlobalIDString = 16A711722066386000763B06;
			remoteInfo = DVSlider;
		};
		16A711932066386100763B06 /* PBXContainerItemProxy */ = {
			isa = PBXContainerItemProxy;
			containerPortal = 16A7116B2066386000763B06 /* Project object */;
			proxyType = 1;
			remoteGlobalIDString = 16A711722066386000763B06;
			remoteInfo = DVSlider;
		};
/* End PBXContainerItemProxy section */

/* Begin PBXFileReference section */
		16740A64206A735C00B3A912 /* DVSliderTool.swift */ = {isa = PBXFileReference; lastKnownFileType = sourcecode.swift; path = DVSliderTool.swift; sourceTree = "<group>"; };
		16A711732066386000763B06 /* DVSlider.app */ = {isa = PBXFileReference; explicitFileType = wrapper.application; includeInIndex = 0; path = DVSlider.app; sourceTree = BUILT_PRODUCTS_DIR; };
		16A711762066386000763B06 /* AppDelegate.swift */ = {isa = PBXFileReference; lastKnownFileType = sourcecode.swift; path = AppDelegate.swift; sourceTree = "<group>"; };
		16A711782066386000763B06 /* ViewController.swift */ = {isa = PBXFileReference; lastKnownFileType = sourcecode.swift; path = ViewController.swift; sourceTree = "<group>"; };
		16A7117B2066386000763B06 /* Base */ = {isa = PBXFileReference; lastKnownFileType = file.storyboard; name = Base; path = Base.lproj/Main.storyboard; sourceTree = "<group>"; };
		16A7117D2066386000763B06 /* Assets.xcassets */ = {isa = PBXFileReference; lastKnownFileType = folder.assetcatalog; path = Assets.xcassets; sourceTree = "<group>"; };
		16A711802066386000763B06 /* Base */ = {isa = PBXFileReference; lastKnownFileType = file.storyboard; name = Base; path = Base.lproj/LaunchScreen.storyboard; sourceTree = "<group>"; };
		16A711822066386000763B06 /* Info.plist */ = {isa = PBXFileReference; lastKnownFileType = text.plist.xml; path = Info.plist; sourceTree = "<group>"; };
		16A711872066386100763B06 /* DVSliderTests.xctest */ = {isa = PBXFileReference; explicitFileType = wrapper.cfbundle; includeInIndex = 0; path = DVSliderTests.xctest; sourceTree = BUILT_PRODUCTS_DIR; };
		16A7118B2066386100763B06 /* DVSliderTests.swift */ = {isa = PBXFileReference; lastKnownFileType = sourcecode.swift; path = DVSliderTests.swift; sourceTree = "<group>"; };
		16A7118D2066386100763B06 /* Info.plist */ = {isa = PBXFileReference; lastKnownFileType = text.plist.xml; path = Info.plist; sourceTree = "<group>"; };
		16A711922066386100763B06 /* DVSliderUITests.xctest */ = {isa = PBXFileReference; explicitFileType = wrapper.cfbundle; includeInIndex = 0; path = DVSliderUITests.xctest; sourceTree = BUILT_PRODUCTS_DIR; };
		16A711962066386100763B06 /* DVSliderUITests.swift */ = {isa = PBXFileReference; lastKnownFileType = sourcecode.swift; path = DVSliderUITests.swift; sourceTree = "<group>"; };
		16A711982066386100763B06 /* Info.plist */ = {isa = PBXFileReference; lastKnownFileType = text.plist.xml; path = Info.plist; sourceTree = "<group>"; };
		16BCA7CB206BC83300633912 /* DVSliderNavBarItem.swift */ = {isa = PBXFileReference; lastKnownFileType = sourcecode.swift; path = DVSliderNavBarItem.swift; sourceTree = "<group>"; };
		16D566542069430F00809DCB /* DVSliderManager.swift */ = {isa = PBXFileReference; lastKnownFileType = sourcecode.swift; path = DVSliderManager.swift; sourceTree = "<group>"; };
		16D566562069432C00809DCB /* DVSliderView.swift */ = {isa = PBXFileReference; lastKnownFileType = sourcecode.swift; path = DVSliderView.swift; sourceTree = "<group>"; };
		16D566582069435700809DCB /* DVSilderNavBar.swift */ = {isa = PBXFileReference; lastKnownFileType = sourcecode.swift; path = DVSilderNavBar.swift; sourceTree = "<group>"; };
/* End PBXFileReference section */

/* Begin PBXFrameworksBuildPhase section */
		16A711702066386000763B06 /* Frameworks */ = {
			isa = PBXFrameworksBuildPhase;
			buildActionMask = 2147483647;
			files = (
			);
			runOnlyForDeploymentPostprocessing = 0;
		};
		16A711842066386100763B06 /* Frameworks */ = {
			isa = PBXFrameworksBuildPhase;
			buildActionMask = 2147483647;
			files = (
			);
			runOnlyForDeploymentPostprocessing = 0;
		};
		16A7118F2066386100763B06 /* Frameworks */ = {
			isa = PBXFrameworksBuildPhase;
			buildActionMask = 2147483647;
			files = (
			);
			runOnlyForDeploymentPostprocessing = 0;
		};
/* End PBXFrameworksBuildPhase section */

/* Begin PBXGroup section */
		16A7116A2066386000763B06 = {
			isa = PBXGroup;
			children = (
				16A711752066386000763B06 /* DVSlider */,
				16A7118A2066386100763B06 /* DVSliderTests */,
				16A711952066386100763B06 /* DVSliderUITests */,
				16A711742066386000763B06 /* Products */,
			);
			sourceTree = "<group>";
		};
		16A711742066386000763B06 /* Products */ = {
			isa = PBXGroup;
			children = (
				16A711732066386000763B06 /* DVSlider.app */,
				16A711872066386100763B06 /* DVSliderTests.xctest */,
				16A711922066386100763B06 /* DVSliderUITests.xctest */,
			);
			name = Products;
			sourceTree = "<group>";
		};
		16A711752066386000763B06 /* DVSlider */ = {
			isa = PBXGroup;
			children = (
				16A711762066386000763B06 /* AppDelegate.swift */,
				16A711782066386000763B06 /* ViewController.swift */,
				16D566542069430F00809DCB /* DVSliderManager.swift */,
				16D566562069432C00809DCB /* DVSliderView.swift */,
				16D566582069435700809DCB /* DVSilderNavBar.swift */,
				16BCA7CB206BC83300633912 /* DVSliderNavBarItem.swift */,
				16740A64206A735C00B3A912 /* DVSliderTool.swift */,
				16A7117A2066386000763B06 /* Main.storyboard */,
				16A7117D2066386000763B06 /* Assets.xcassets */,
				16A7117F2066386000763B06 /* LaunchScreen.storyboard */,
				16A711822066386000763B06 /* Info.plist */,
			);
			path = DVSlider;
			sourceTree = "<group>";
		};
		16A7118A2066386100763B06 /* DVSliderTests */ = {
			isa = PBXGroup;
			children = (
				16A7118B2066386100763B06 /* DVSliderTests.swift */,
				16A7118D2066386100763B06 /* Info.plist */,
			);
			path = DVSliderTests;
			sourceTree = "<group>";
		};
		16A711952066386100763B06 /* DVSliderUITests */ = {
			isa = PBXGroup;
			children = (
				16A711962066386100763B06 /* DVSliderUITests.swift */,
				16A711982066386100763B06 /* Info.plist */,
			);
			path = DVSliderUITests;
			sourceTree = "<group>";
		};
/* End PBXGroup section */

/* Begin PBXNativeTarget section */
		16A711722066386000763B06 /* DVSlider */ = {
			isa = PBXNativeTarget;
			buildConfigurationList = 16A7119B2066386100763B06 /* Build configuration list for PBXNativeTarget "DVSlider" */;
			buildPhases = (
				16A7116F2066386000763B06 /* Sources */,
				16A711702066386000763B06 /* Frameworks */,
				16A711712066386000763B06 /* Resources */,
			);
			buildRules = (
			);
			dependencies = (
			);
			name = DVSlider;
			productName = DVSlider;
			productReference = 16A711732066386000763B06 /* DVSlider.app */;
			productType = "com.apple.product-type.application";
		};
		16A711862066386100763B06 /* DVSliderTests */ = {
			isa = PBXNativeTarget;
			buildConfigurationList = 16A7119E2066386100763B06 /* Build configuration list for PBXNativeTarget "DVSliderTests" */;
			buildPhases = (
				16A711832066386100763B06 /* Sources */,
				16A711842066386100763B06 /* Frameworks */,
				16A711852066386100763B06 /* Resources */,
			);
			buildRules = (
			);
			dependencies = (
				16A711892066386100763B06 /* PBXTargetDependency */,
			);
			name = DVSliderTests;
			productName = DVSliderTests;
			productReference = 16A711872066386100763B06 /* DVSliderTests.xctest */;
			productType = "com.apple.product-type.bundle.unit-test";
		};
		16A711912066386100763B06 /* DVSliderUITests */ = {
			isa = PBXNativeTarget;
			buildConfigurationList = 16A711A12066386100763B06 /* Build configuration list for PBXNativeTarget "DVSliderUITests" */;
			buildPhases = (
				16A7118E2066386100763B06 /* Sources */,
				16A7118F2066386100763B06 /* Frameworks */,
				16A711902066386100763B06 /* Resources */,
			);
			buildRules = (
			);
			dependencies = (
				16A711942066386100763B06 /* PBXTargetDependency */,
			);
			name = DVSliderUITests;
			productName = DVSliderUITests;
			productReference = 16A711922066386100763B06 /* DVSliderUITests.xctest */;
			productType = "com.apple.product-type.bundle.ui-testing";
		};
/* End PBXNativeTarget section */

/* Begin PBXProject section */
		16A7116B2066386000763B06 /* Project object */ = {
			isa = PBXProject;
			attributes = {
				LastSwiftUpdateCheck = 0920;
				LastUpgradeCheck = 0920;
				ORGANIZATIONNAME = david;
				TargetAttributes = {
					16A711722066386000763B06 = {
						CreatedOnToolsVersion = 9.2;
						ProvisioningStyle = Automatic;
					};
					16A711862066386100763B06 = {
						CreatedOnToolsVersion = 9.2;
						ProvisioningStyle = Automatic;
						TestTargetID = 16A711722066386000763B06;
					};
					16A711912066386100763B06 = {
						CreatedOnToolsVersion = 9.2;
						ProvisioningStyle = Automatic;
						TestTargetID = 16A711722066386000763B06;
					};
				};
			};
			buildConfigurationList = 16A7116E2066386000763B06 /* Build configuration list for PBXProject "DVSlider" */;
			compatibilityVersion = "Xcode 8.0";
			developmentRegion = en;
			hasScannedForEncodings = 0;
			knownRegions = (
				en,
				Base,
			);
			mainGroup = 16A7116A2066386000763B06;
			productRefGroup = 16A711742066386000763B06 /* Products */;
			projectDirPath = "";
			projectRoot = "";
			targets = (
				16A711722066386000763B06 /* DVSlider */,
				16A711862066386100763B06 /* DVSliderTests */,
				16A711912066386100763B06 /* DVSliderUITests */,
			);
		};
/* End PBXProject section */

/* Begin PBXResourcesBuildPhase section */
		16A711712066386000763B06 /* Resources */ = {
			isa = PBXResourcesBuildPhase;
			buildActionMask = 2147483647;
			files = (
				16A711812066386000763B06 /* LaunchScreen.storyboard in Resources */,
				16A7117E2066386000763B06 /* Assets.xcassets in Resources */,
				16A7117C2066386000763B06 /* Main.storyboard in Resources */,
			);
			runOnlyForDeploymentPostprocessing = 0;
		};
		16A711852066386100763B06 /* Resources */ = {
			isa = PBXResourcesBuildPhase;
			buildActionMask = 2147483647;
			files = (
			);
			runOnlyForDeploymentPostprocessing = 0;
		};
		16A711902066386100763B06 /* Resources */ = {
			isa = PBXResourcesBuildPhase;
			buildActionMask = 2147483647;
			files = (
			);
			runOnlyForDeploymentPostprocessing = 0;
		};
/* End PBXResourcesBuildPhase section */

/* Begin PBXSourcesBuildPhase section */
		16A7116F2066386000763B06 /* Sources */ = {
			isa = PBXSourcesBuildPhase;
			buildActionMask = 2147483647;
			files = (
				16740A65206A735C00B3A912 /* DVSliderTool.swift in Sources */,
				16A711792066386000763B06 /* ViewController.swift in Sources */,
				16D566572069432C00809DCB /* DVSliderView.swift in Sources */,
				16A711772066386000763B06 /* AppDelegate.swift in Sources */,
				16D566552069430F00809DCB /* DVSliderManager.swift in Sources */,
				16D566592069435700809DCB /* DVSilderNavBar.swift in Sources */,
				16BCA7CC206BC83300633912 /* DVSliderNavBarItem.swift in Sources */,
			);
			runOnlyForDeploymentPostprocessing = 0;
		};
		16A711832066386100763B06 /* Sources */ = {
			isa = PBXSourcesBuildPhase;
			buildActionMask = 2147483647;
			files = (
				16A7118C2066386100763B06 /* DVSliderTests.swift in Sources */,
			);
			runOnlyForDeploymentPostprocessing = 0;
		};
		16A7118E2066386100763B06 /* Sources */ = {
			isa = PBXSourcesBuildPhase;
			buildActionMask = 2147483647;
			files = (
				16A711972066386100763B06 /* DVSliderUITests.swift in Sources */,
			);
			runOnlyForDeploymentPostprocessing = 0;
		};
/* End PBXSourcesBuildPhase section */

/* Begin PBXTargetDependency section */
		16A711892066386100763B06 /* PBXTargetDependency */ = {
			isa = PBXTargetDependency;
			target = 16A711722066386000763B06 /* DVSlider */;
			targetProxy = 16A711882066386100763B06 /* PBXContainerItemProxy */;
		};
		16A711942066386100763B06 /* PBXTargetDependency */ = {
			isa = PBXTargetDependency;
			target = 16A711722066386000763B06 /* DVSlider */;
			targetProxy = 16A711932066386100763B06 /* PBXContainerItemProxy */;
		};
/* End PBXTargetDependency section */

/* Begin PBXVariantGroup section */
		16A7117A2066386000763B06 /* Main.storyboard */ = {
			isa = PBXVariantGroup;
			children = (
				16A7117B2066386000763B06 /* Base */,
			);
			name = Main.storyboard;
			sourceTree = "<group>";
		};
		16A7117F2066386000763B06 /* LaunchScreen.storyboard */ = {
			isa = PBXVariantGroup;
			children = (
				16A711802066386000763B06 /* Base */,
			);
			name = LaunchScreen.storyboard;
			sourceTree = "<group>";
		};
/* End PBXVariantGroup section */

/* Begin XCBuildConfiguration section */
		16A711992066386100763B06 /* Debug */ = {
			isa = XCBuildConfiguration;
			buildSettings = {
				ALWAYS_SEARCH_USER_PATHS = NO;
				CLANG_ANALYZER_NONNULL = YES;
				CLANG_ANALYZER_NUMBER_OBJECT_CONVERSION = YES_AGGRESSIVE;
				CLANG_CXX_LANGUAGE_STANDARD = "gnu++14";
				CLANG_CXX_LIBRARY = "libc++";
				CLANG_ENABLE_MODULES = YES;
				CLANG_ENABLE_OBJC_ARC = YES;
				CLANG_WARN_BLOCK_CAPTURE_AUTORELEASING = YES;
				CLANG_WARN_BOOL_CONVERSION = YES;
				CLANG_WARN_COMMA = YES;
				CLANG_WARN_CONSTANT_CONVERSION = YES;
				CLANG_WARN_DIRECT_OBJC_ISA_USAGE = YES_ERROR;
				CLANG_WARN_DOCUMENTATION_COMMENTS = YES;
				CLANG_WARN_EMPTY_BODY = YES;
				CLANG_WARN_ENUM_CONVERSION = YES;
				CLANG_WARN_INFINITE_RECURSION = YES;
				CLANG_WARN_INT_CONVERSION = YES;
				CLANG_WARN_NON_LITERAL_NULL_CONVERSION = YES;
				CLANG_WARN_OBJC_LITERAL_CONVERSION = YES;
				CLANG_WARN_OBJC_ROOT_CLASS = YES_ERROR;
				CLANG_WARN_RANGE_LOOP_ANALYSIS = YES;
				CLANG_WARN_STRICT_PROTOTYPES = YES;
				CLANG_WARN_SUSPICIOUS_MOVE = YES;
				CLANG_WARN_UNGUARDED_AVAILABILITY = YES_AGGRESSIVE;
				CLANG_WARN_UNREACHABLE_CODE = YES;
				CLANG_WARN__DUPLICATE_METHOD_MATCH = YES;
				CODE_SIGN_IDENTITY = "iPhone Developer";
				COPY_PHASE_STRIP = NO;
				DEBUG_INFORMATION_FORMAT = dwarf;
				ENABLE_STRICT_OBJC_MSGSEND = YES;
				ENABLE_TESTABILITY = YES;
				GCC_C_LANGUAGE_STANDARD = gnu11;
				GCC_DYNAMIC_NO_PIC = NO;
				GCC_NO_COMMON_BLOCKS = YES;
				GCC_OPTIMIZATION_LEVEL = 0;
				GCC_PREPROCESSOR_DEFINITIONS = (
					"DEBUG=1",
					"$(inherited)",
				);
				GCC_WARN_64_TO_32_BIT_CONVERSION = YES;
				GCC_WARN_ABOUT_RETURN_TYPE = YES_ERROR;
				GCC_WARN_UNDECLARED_SELECTOR = YES;
				GCC_WARN_UNINITIALIZED_AUTOS = YES_AGGRESSIVE;
				GCC_WARN_UNUSED_FUNCTION = YES;
				GCC_WARN_UNUSED_VARIABLE = YES;
				IPHONEOS_DEPLOYMENT_TARGET = 11.2;
				MTL_ENABLE_DEBUG_INFO = YES;
				ONLY_ACTIVE_ARCH = YES;
				SDKROOT = iphoneos;
				SWIFT_ACTIVE_COMPILATION_CONDITIONS = DEBUG;
				SWIFT_OPTIMIZATION_LEVEL = "-Onone";
			};
			name = Debug;
		};
		16A7119A2066386100763B06 /* Release */ = {
			isa = XCBuildConfiguration;
			buildSettings = {
				ALWAYS_SEARCH_USER_PATHS = NO;
				CLANG_ANALYZER_NONNULL = YES;
				CLANG_ANALYZER_NUMBER_OBJECT_CONVERSION = YES_AGGRESSIVE;
				CLANG_CXX_LANGUAGE_STANDARD = "gnu++14";
				CLANG_CXX_LIBRARY = "libc++";
				CLANG_ENABLE_MODULES = YES;
				CLANG_ENABLE_OBJC_ARC = YES;
				CLANG_WARN_BLOCK_CAPTURE_AUTORELEASING = YES;
				CLANG_WARN_BOOL_CONVERSION = YES;
				CLANG_WARN_COMMA = YES;
				CLANG_WARN_CONSTANT_CONVERSION = YES;
				CLANG_WARN_DIRECT_OBJC_ISA_USAGE = YES_ERROR;
				CLANG_WARN_DOCUMENTATION_COMMENTS = YES;
				CLANG_WARN_EMPTY_BODY = YES;
				CLANG_WARN_ENUM_CONVERSION = YES;
				CLANG_WARN_INFINITE_RECURSION = YES;
				CLANG_WARN_INT_CONVERSION = YES;
				CLANG_WARN_NON_LITERAL_NULL_CONVERSION = YES;
				CLANG_WARN_OBJC_LITERAL_CONVERSION = YES;
				CLANG_WARN_OBJC_ROOT_CLASS = YES_ERROR;
				CLANG_WARN_RANGE_LOOP_ANALYSIS = YES;
				CLANG_WARN_STRICT_PROTOTYPES = YES;
				CLANG_WARN_SUSPICIOUS_MOVE = YES;
				CLANG_WARN_UNGUARDED_AVAILABILITY = YES_AGGRESSIVE;
				CLANG_WARN_UNREACHABLE_CODE = YES;
				CLANG_WARN__DUPLICATE_METHOD_MATCH = YES;
				CODE_SIGN_IDENTITY = "iPhone Developer";
				COPY_PHASE_STRIP = NO;
				DEBUG_INFORMATION_FORMAT = "dwarf-with-dsym";
				ENABLE_NS_ASSERTIONS = NO;
				ENABLE_STRICT_OBJC_MSGSEND = YES;
				GCC_C_LANGUAGE_STANDARD = gnu11;
				GCC_NO_COMMON_BLOCKS = YES;
				GCC_WARN_64_TO_32_BIT_CONVERSION = YES;
				GCC_WARN_ABOUT_RETURN_TYPE = YES_ERROR;
				GCC_WARN_UNDECLARED_SELECTOR = YES;
				GCC_WARN_UNINITIALIZED_AUTOS = YES_AGGRESSIVE;
				GCC_WARN_UNUSED_FUNCTION = YES;
				GCC_WARN_UNUSED_VARIABLE = YES;
				IPHONEOS_DEPLOYMENT_TARGET = 11.2;
				MTL_ENABLE_DEBUG_INFO = NO;
				SDKROOT = iphoneos;
				SWIFT_OPTIMIZATION_LEVEL = "-Owholemodule";
				VALIDATE_PRODUCT = YES;
			};
			name = Release;
		};
		16A7119C2066386100763B06 /* Debug */ = {
			isa = XCBuildConfiguration;
			buildSettings = {
				ASSETCATALOG_COMPILER_APPICON_NAME = AppIcon;
				CODE_SIGN_STYLE = Automatic;
				INFOPLIST_FILE = DVSlider/Info.plist;
				LD_RUNPATH_SEARCH_PATHS = "$(inherited) @executable_path/Frameworks";
				PRODUCT_BUNDLE_IDENTIFIER = iber.DVSlider;
				PRODUCT_NAME = "$(TARGET_NAME)";
				SWIFT_VERSION = 4.0;
				TARGETED_DEVICE_FAMILY = "1,2";
			};
			name = Debug;
		};
		16A7119D2066386100763B06 /* Release */ = {
			isa = XCBuildConfiguration;
			buildSettings = {
				ASSETCATALOG_COMPILER_APPICON_NAME = AppIcon;
				CODE_SIGN_STYLE = Automatic;
				INFOPLIST_FILE = DVSlider/Info.plist;
				LD_RUNPATH_SEARCH_PATHS = "$(inherited) @executable_path/Frameworks";
				PRODUCT_BUNDLE_IDENTIFIER = iber.DVSlider;
				PRODUCT_NAME = "$(TARGET_NAME)";
				SWIFT_VERSION = 4.0;
				TARGETED_DEVICE_FAMILY = "1,2";
			};
			name = Release;
		};
		16A7119F2066386100763B06 /* Debug */ = {
			isa = XCBuildConfiguration;
			buildSettings = {
				ALWAYS_EMBED_SWIFT_STANDARD_LIBRARIES = YES;
				BUNDLE_LOADER = "$(TEST_HOST)";
				CODE_SIGN_STYLE = Automatic;
				INFOPLIST_FILE = DVSliderTests/Info.plist;
				LD_RUNPATH_SEARCH_PATHS = "$(inherited) @executable_path/Frameworks @loader_path/Frameworks";
				PRODUCT_BUNDLE_IDENTIFIER = iber.DVSliderTests;
				PRODUCT_NAME = "$(TARGET_NAME)";
				SWIFT_VERSION = 4.0;
				TARGETED_DEVICE_FAMILY = "1,2";
				TEST_HOST = "$(BUILT_PRODUCTS_DIR)/DVSlider.app/DVSlider";
			};
			name = Debug;
		};
		16A711A02066386100763B06 /* Release */ = {
			isa = XCBuildConfiguration;
			buildSettings = {
				ALWAYS_EMBED_SWIFT_STANDARD_LIBRARIES = YES;
				BUNDLE_LOADER = "$(TEST_HOST)";
				CODE_SIGN_STYLE = Automatic;
				INFOPLIST_FILE = DVSliderTests/Info.plist;
				LD_RUNPATH_SEARCH_PATHS = "$(inherited) @executable_path/Frameworks @loader_path/Frameworks";
				PRODUCT_BUNDLE_IDENTIFIER = iber.DVSliderTests;
				PRODUCT_NAME = "$(TARGET_NAME)";
				SWIFT_VERSION = 4.0;
				TARGETED_DEVICE_FAMILY = "1,2";
				TEST_HOST = "$(BUILT_PRODUCTS_DIR)/DVSlider.app/DVSlider";
			};
			name = Release;
		};
		16A711A22066386100763B06 /* Debug */ = {
			isa = XCBuildConfiguration;
			buildSettings = {
				ALWAYS_EMBED_SWIFT_STANDARD_LIBRARIES = YES;
				CODE_SIGN_STYLE = Automatic;
				INFOPLIST_FILE = DVSliderUITests/Info.plist;
				LD_RUNPATH_SEARCH_PATHS = "$(inherited) @executable_path/Frameworks @loader_path/Frameworks";
				PRODUCT_BUNDLE_IDENTIFIER = iber.DVSliderUITests;
				PRODUCT_NAME = "$(TARGET_NAME)";
				SWIFT_VERSION = 4.0;
				TARGETED_DEVICE_FAMILY = "1,2";
				TEST_TARGET_NAME = DVSlider;
			};
			name = Debug;
		};
		16A711A32066386100763B06 /* Release */ = {
			isa = XCBuildConfiguration;
			buildSettings = {
				ALWAYS_EMBED_SWIFT_STANDARD_LIBRARIES = YES;
				CODE_SIGN_STYLE = Automatic;
				INFOPLIST_FILE = DVSliderUITests/Info.plist;
				LD_RUNPATH_SEARCH_PATHS = "$(inherited) @executable_path/Frameworks @loader_path/Frameworks";
				PRODUCT_BUNDLE_IDENTIFIER = iber.DVSliderUITests;
				PRODUCT_NAME = "$(TARGET_NAME)";
				SWIFT_VERSION = 4.0;
				TARGETED_DEVICE_FAMILY = "1,2";
				TEST_TARGET_NAME = DVSlider;
			};
			name = Release;
		};
/* End XCBuildConfiguration section */

/* Begin XCConfigurationList section */
		16A7116E2066386000763B06 /* Build configuration list for PBXProject "DVSlider" */ = {
			isa = XCConfigurationList;
			buildConfigurations = (
				16A711992066386100763B06 /* Debug */,
				16A7119A2066386100763B06 /* Release */,
			);
			defaultConfigurationIsVisible = 0;
			defaultConfigurationName = Release;
		};
		16A7119B2066386100763B06 /* Build configuration list for PBXNativeTarget "DVSlider" */ = {
			isa = XCConfigurationList;
			buildConfigurations = (
				16A7119C2066386100763B06 /* Debug */,
				16A7119D2066386100763B06 /* Release */,
			);
			defaultConfigurationIsVisible = 0;
			defaultConfigurationName = Release;
		};
		16A7119E2066386100763B06 /* Build configuration list for PBXNativeTarget "DVSliderTests" */ = {
			isa = XCConfigurationList;
			buildConfigurations = (
				16A7119F2066386100763B06 /* Debug */,
				16A711A02066386100763B06 /* Release */,
			);
			defaultConfigurationIsVisible = 0;
			defaultConfigurationName = Release;
		};
		16A711A12066386100763B06 /* Build configuration list for PBXNativeTarget "DVSliderUITests" */ = {
			isa = XCConfigurationList;
			buildConfigurations = (
				16A711A22066386100763B06 /* Debug */,
				16A711A32066386100763B06 /* Release */,
			);
			defaultConfigurationIsVisible = 0;
			defaultConfigurationName = Release;
		};
/* End XCConfigurationList section */
	};
	rootObject = 16A7116B2066386000763B06 /* Project object */;
}
